
Microsoft Visual Studio Solution File, Format Version 12.00
# Visual Studio Version 17
VisualStudioVersion = 17.9.34902.65
MinimumVisualStudioVersion = 10.0.40219.1
Project("{2150E333-8FDC-42A3-9474-1A3956D46DE8}") = "Src", "Src", "{9F4BEBB9-A170-47CF-A21D-799C32F8A643}"
EndProject
Project("{2150E333-8FDC-42A3-9474-1A3956D46DE8}") = "Tests", "Tests", "{FA09C2D2-BCF7-4DD8-8800-911EC1226C60}"
EndProject
Project("{2150E333-8FDC-42A3-9474-1A3956D46DE8}") = "Backend", "Backend", "{68306D0C-1A41-41DD-82BD-6DE2626543AC}"
EndProject
Project("{2150E333-8FDC-42A3-9474-1A3956D46DE8}") = "Shared", "Shared", "{D542E623-6847-40D7-B8B4-84F54BE474AF}"
EndProject
Project("{2150E333-8FDC-42A3-9474-1A3956D46DE8}") = "Hybrid", "Hybrid", "{F931C61A-6149-46C6-8E7B-B91674213478}"
EndProject
Project("{9A19103F-16F7-4668-BE54-9A1E7A4F7556}") = "Ecocell.Application", "Src\Backend\Ecocell.Application\Ecocell.Application.csproj", "{EE47832F-50F9-4889-A8E8-20C6A88E7C3D}"
EndProject
Project("{9A19103F-16F7-4668-BE54-9A1E7A4F7556}") = "Ecocell.Domain", "Src\Backend\Ecocell.Domain\Ecocell.Domain.csproj", "{5C2A30D4-F7CB-405E-9902-27B7C427EF52}"
EndProject
Project("{9A19103F-16F7-4668-BE54-9A1E7A4F7556}") = "Ecocell.Infrastructure", "Src\Backend\Ecocell.Infrastructure\Ecocell.Infrastructure.csproj", "{B2A7049A-8911-43B7-B0FD-CC0B770AA613}"
EndProject
Project("{9A19103F-16F7-4668-BE54-9A1E7A4F7556}") = "Ecocell.Communication", "Src\Shared\Ecocell.Communication\Ecocell.Communication.csproj", "{A2D6D27C-647F-42DE-B781-D8614F8C6391}"
EndProject
Project("{9A19103F-16F7-4668-BE54-9A1E7A4F7556}") = "Ecocell.Exception", "Src\Shared\Ecocell.Exception\Ecocell.Exception.csproj", "{D90A0AEB-B9E2-4C5F-807B-389F36FD0DD2}"
EndProject
Project("{9A19103F-16F7-4668-BE54-9A1E7A4F7556}") = "Ecocell.Razor", "Src\Shared\Ecocell.Razor\Ecocell.Razor.csproj", "{224E1BE7-8519-447B-9FFE-46550E274ACD}"
EndProject
Project("{9A19103F-16F7-4668-BE54-9A1E7A4F7556}") = "Ecocell.BlazorMaui", "Src\Hybrid\Ecocell.BlazorMaui\Ecocell.BlazorMaui.csproj", "{BA8D09FE-2B5F-407F-A3E6-5003E1D0B202}"
EndProject
Project("{9A19103F-16F7-4668-BE54-9A1E7A4F7556}") = "Ecocell.API", "Src\Backend\Ecocell.API\Ecocell.API.csproj", "{BCCE845E-4057-49E5-BD46-5A486100DEE1}"
EndProject
Global
	GlobalSection(SolutionConfigurationPlatforms) = preSolution
		Debug|Any CPU = Debug|Any CPU
		Release|Any CPU = Release|Any CPU
	EndGlobalSection
	GlobalSection(ProjectConfigurationPlatforms) = postSolution
		{EE47832F-50F9-4889-A8E8-20C6A88E7C3D}.Debug|Any CPU.ActiveCfg = Debug|Any CPU
		{EE47832F-50F9-4889-A8E8-20C6A88E7C3D}.Debug|Any CPU.Build.0 = Debug|Any CPU
		{EE47832F-50F9-4889-A8E8-20C6A88E7C3D}.Release|Any CPU.ActiveCfg = Release|Any CPU
		{EE47832F-50F9-4889-A8E8-20C6A88E7C3D}.Release|Any CPU.Build.0 = Release|Any CPU
		{5C2A30D4-F7CB-405E-9902-27B7C427EF52}.Debug|Any CPU.ActiveCfg = Debug|Any CPU
		{5C2A30D4-F7CB-405E-9902-27B7C427EF52}.Debug|Any CPU.Build.0 = Debug|Any CPU
		{5C2A30D4-F7CB-405E-9902-27B7C427EF52}.Release|Any CPU.ActiveCfg = Release|Any CPU
		{5C2A30D4-F7CB-405E-9902-27B7C427EF52}.Release|Any CPU.Build.0 = Release|Any CPU
		{B2A7049A-8911-43B7-B0FD-CC0B770AA613}.Debug|Any CPU.ActiveCfg = Debug|Any CPU
		{B2A7049A-8911-43B7-B0FD-CC0B770AA613}.Debug|Any CPU.Build.0 = Debug|Any CPU
		{B2A7049A-8911-43B7-B0FD-CC0B770AA613}.Release|Any CPU.ActiveCfg = Release|Any CPU
		{B2A7049A-8911-43B7-B0FD-CC0B770AA613}.Release|Any CPU.Build.0 = Release|Any CPU
		{A2D6D27C-647F-42DE-B781-D8614F8C6391}.Debug|Any CPU.ActiveCfg = Debug|Any CPU
		{A2D6D27C-647F-42DE-B781-D8614F8C6391}.Debug|Any CPU.Build.0 = Debug|Any CPU
		{A2D6D27C-647F-42DE-B781-D8614F8C6391}.Release|Any CPU.ActiveCfg = Release|Any CPU
		{A2D6D27C-647F-42DE-B781-D8614F8C6391}.Release|Any CPU.Build.0 = Release|Any CPU
		{D90A0AEB-B9E2-4C5F-807B-389F36FD0DD2}.Debug|Any CPU.ActiveCfg = Debug|Any CPU
		{D90A0AEB-B9E2-4C5F-807B-389F36FD0DD2}.Debug|Any CPU.Build.0 = Debug|Any CPU
		{D90A0AEB-B9E2-4C5F-807B-389F36FD0DD2}.Release|Any CPU.ActiveCfg = Release|Any CPU
		{D90A0AEB-B9E2-4C5F-807B-389F36FD0DD2}.Release|Any CPU.Build.0 = Release|Any CPU
		{224E1BE7-8519-447B-9FFE-46550E274ACD}.Debug|Any CPU.ActiveCfg = Debug|Any CPU
		{224E1BE7-8519-447B-9FFE-46550E274ACD}.Debug|Any CPU.Build.0 = Debug|Any CPU
		{224E1BE7-8519-447B-9FFE-46550E274ACD}.Release|Any CPU.ActiveCfg = Release|Any CPU
		{224E1BE7-8519-447B-9FFE-46550E274ACD}.Release|Any CPU.Build.0 = Release|Any CPU
		{BA8D09FE-2B5F-407F-A3E6-5003E1D0B202}.Debug|Any CPU.ActiveCfg = Debug|Any CPU
		{BA8D09FE-2B5F-407F-A3E6-5003E1D0B202}.Debug|Any CPU.Build.0 = Debug|Any CPU
		{BA8D09FE-2B5F-407F-A3E6-5003E1D0B202}.Debug|Any CPU.Deploy.0 = Debug|Any CPU
		{BA8D09FE-2B5F-407F-A3E6-5003E1D0B202}.Release|Any CPU.ActiveCfg = Release|Any CPU
		{BA8D09FE-2B5F-407F-A3E6-5003E1D0B202}.Release|Any CPU.Build.0 = Release|Any CPU
		{BA8D09FE-2B5F-407F-A3E6-5003E1D0B202}.Release|Any CPU.Deploy.0 = Release|Any CPU
		{BCCE845E-4057-49E5-BD46-5A486100DEE1}.Debug|Any CPU.ActiveCfg = Debug|Any CPU
		{BCCE845E-4057-49E5-BD46-5A486100DEE1}.Debug|Any CPU.Build.0 = Debug|Any CPU
		{BCCE845E-4057-49E5-BD46-5A486100DEE1}.Release|Any CPU.ActiveCfg = Release|Any CPU
		{BCCE845E-4057-49E5-BD46-5A486100DEE1}.Release|Any CPU.Build.0 = Release|Any CPU
	EndGlobalSection
	GlobalSection(SolutionProperties) = preSolution
		HideSolutionNode = FALSE
	EndGlobalSection
	GlobalSection(NestedProjects) = preSolution
		{68306D0C-1A41-41DD-82BD-6DE2626543AC} = {9F4BEBB9-A170-47CF-A21D-799C32F8A643}
		{D542E623-6847-40D7-B8B4-84F54BE474AF} = {9F4BEBB9-A170-47CF-A21D-799C32F8A643}
		{F931C61A-6149-46C6-8E7B-B91674213478} = {9F4BEBB9-A170-47CF-A21D-799C32F8A643}
		{EE47832F-50F9-4889-A8E8-20C6A88E7C3D} = {68306D0C-1A41-41DD-82BD-6DE2626543AC}
		{5C2A30D4-F7CB-405E-9902-27B7C427EF52} = {68306D0C-1A41-41DD-82BD-6DE2626543AC}
		{B2A7049A-8911-43B7-B0FD-CC0B770AA613} = {68306D0C-1A41-41DD-82BD-6DE2626543AC}
		{A2D6D27C-647F-42DE-B781-D8614F8C6391} = {D542E623-6847-40D7-B8B4-84F54BE474AF}
		{D90A0AEB-B9E2-4C5F-807B-389F36FD0DD2} = {D542E623-6847-40D7-B8B4-84F54BE474AF}
		{224E1BE7-8519-447B-9FFE-46550E274ACD} = {D542E623-6847-40D7-B8B4-84F54BE474AF}
		{BA8D09FE-2B5F-407F-A3E6-5003E1D0B202} = {F931C61A-6149-46C6-8E7B-B91674213478}
		{BCCE845E-4057-49E5-BD46-5A486100DEE1} = {68306D0C-1A41-41DD-82BD-6DE2626543AC}
	EndGlobalSection
	GlobalSection(ExtensibilityGlobals) = postSolution
		SolutionGuid = {19629135-B454-4D93-80A7-B5CCC648C3FD}
	EndGlobalSection
EndGlobal
