
Microsoft Visual Studio Solution File, Format Version 12.00
# Visual Studio Version 17
VisualStudioVersion = 17.0.31903.59
MinimumVisualStudioVersion = 10.0.40219.1
Project("{2150E333-8FDC-42A3-9474-1A3956D46DE8}") = "src", "src", "{5474C901-E430-47DD-9300-AD5C91CF9AB1}"
EndProject
Project("{2150E333-8FDC-42A3-9474-1A3956D46DE8}") = "Backend", "Backend", "{ED2018D8-CB95-469B-ABBC-B0CC26899308}"
EndProject
Project("{2150E333-8FDC-42A3-9474-1A3956D46DE8}") = "tests", "tests", "{CCB8088E-8DB8-4273-A5A7-6D6149D62138}"
EndProject
Project("{2150E333-8FDC-42A3-9474-1A3956D46DE8}") = "Shared", "Shared", "{E0D93C4A-802F-40B2-8356-4C1AA4F914B6}"
EndProject
Project("{FAE04EC0-301F-11D3-BF4B-00C04F79EFBC}") = "Ecocell.Communication", "src\Shared\Ecocell.Communication\Ecocell.Communication.csproj", "{A11791B4-A7E7-468E-8AC3-BF41FB306329}"
EndProject
Project("{FAE04EC0-301F-11D3-BF4B-00C04F79EFBC}") = "Ecocell.Exceptions", "src\Shared\Ecocell.Exceptions\Ecocell.Exceptions.csproj", "{5F6E3697-D4EA-4DAE-811C-948C04957C27}"
EndProject
Project("{FAE04EC0-301F-11D3-BF4B-00C04F79EFBC}") = "Ecocell.Application", "src\Backend\Ecocell.Application\Ecocell.Application.csproj", "{93CB3787-7DE2-4FBE-8042-A1F7D02796C5}"
EndProject
Project("{FAE04EC0-301F-11D3-BF4B-00C04F79EFBC}") = "Ecocell.Domain", "src\Backend\Ecocell.Domain\Ecocell.Domain.csproj", "{92F34831-29F6-4B7D-A969-F1A9455ABACC}"
EndProject
Project("{FAE04EC0-301F-11D3-BF4B-00C04F79EFBC}") = "Ecocell.Api", "src\Backend\Ecocell.Api\Ecocell.Api.csproj", "{4AE55792-1197-4180-8B05-F46762C2F372}"
EndProject
Project("{FAE04EC0-301F-11D3-BF4B-00C04F79EFBC}") = "Ecocell.Infrastructure", "src\Backend\Ecocell.Infrastructure\Ecocell.Infrastructure.csproj", "{146C43DB-5C23-44B1-B8EB-6F1FA16F9DF6}"
EndProject
Project("{FAE04EC0-301F-11D3-BF4B-00C04F79EFBC}") = "UseCases.Test", "tests\UseCases.Test\UseCases.Test.csproj", "{DFF22D35-BE0A-41F7-B9D0-1167453B1D8B}"
EndProject
Project("{FAE04EC0-301F-11D3-BF4B-00C04F79EFBC}") = "Validators.Test", "tests\Validators.Test\Validators.Test.csproj", "{46424626-2573-4BDA-81F4-7597F6150F88}"
EndProject
Project("{FAE04EC0-301F-11D3-BF4B-00C04F79EFBC}") = "WebApi.Test", "tests\WebApi.Test\WebApi.Test.csproj", "{57FB4AD7-2955-4CBE-9FF9-CA4F85C5F0CE}"
EndProject
Global
	GlobalSection(SolutionConfigurationPlatforms) = preSolution
		Debug|Any CPU = Debug|Any CPU
		Release|Any CPU = Release|Any CPU
	EndGlobalSection
	GlobalSection(SolutionProperties) = preSolution
		HideSolutionNode = FALSE
	EndGlobalSection
	GlobalSection(NestedProjects) = preSolution
		{E0D93C4A-802F-40B2-8356-4C1AA4F914B6} = {5474C901-E430-47DD-9300-AD5C91CF9AB1}
		{ED2018D8-CB95-469B-ABBC-B0CC26899308} = {5474C901-E430-47DD-9300-AD5C91CF9AB1}
		{A11791B4-A7E7-468E-8AC3-BF41FB306329} = {E0D93C4A-802F-40B2-8356-4C1AA4F914B6}
		{5F6E3697-D4EA-4DAE-811C-948C04957C27} = {E0D93C4A-802F-40B2-8356-4C1AA4F914B6}
		{93CB3787-7DE2-4FBE-8042-A1F7D02796C5} = {ED2018D8-CB95-469B-ABBC-B0CC26899308}
		{92F34831-29F6-4B7D-A969-F1A9455ABACC} = {ED2018D8-CB95-469B-ABBC-B0CC26899308}
		{4AE55792-1197-4180-8B05-F46762C2F372} = {ED2018D8-CB95-469B-ABBC-B0CC26899308}
		{146C43DB-5C23-44B1-B8EB-6F1FA16F9DF6} = {ED2018D8-CB95-469B-ABBC-B0CC26899308}
		{DFF22D35-BE0A-41F7-B9D0-1167453B1D8B} = {CCB8088E-8DB8-4273-A5A7-6D6149D62138}
		{46424626-2573-4BDA-81F4-7597F6150F88} = {CCB8088E-8DB8-4273-A5A7-6D6149D62138}
		{57FB4AD7-2955-4CBE-9FF9-CA4F85C5F0CE} = {CCB8088E-8DB8-4273-A5A7-6D6149D62138}
	EndGlobalSection
	GlobalSection(ProjectConfigurationPlatforms) = postSolution
		{A11791B4-A7E7-468E-8AC3-BF41FB306329}.Debug|Any CPU.ActiveCfg = Debug|Any CPU
		{A11791B4-A7E7-468E-8AC3-BF41FB306329}.Debug|Any CPU.Build.0 = Debug|Any CPU
		{A11791B4-A7E7-468E-8AC3-BF41FB306329}.Release|Any CPU.ActiveCfg = Release|Any CPU
		{A11791B4-A7E7-468E-8AC3-BF41FB306329}.Release|Any CPU.Build.0 = Release|Any CPU
		{5F6E3697-D4EA-4DAE-811C-948C04957C27}.Debug|Any CPU.ActiveCfg = Debug|Any CPU
		{5F6E3697-D4EA-4DAE-811C-948C04957C27}.Debug|Any CPU.Build.0 = Debug|Any CPU
		{5F6E3697-D4EA-4DAE-811C-948C04957C27}.Release|Any CPU.ActiveCfg = Release|Any CPU
		{5F6E3697-D4EA-4DAE-811C-948C04957C27}.Release|Any CPU.Build.0 = Release|Any CPU
		{93CB3787-7DE2-4FBE-8042-A1F7D02796C5}.Debug|Any CPU.ActiveCfg = Debug|Any CPU
		{93CB3787-7DE2-4FBE-8042-A1F7D02796C5}.Debug|Any CPU.Build.0 = Debug|Any CPU
		{93CB3787-7DE2-4FBE-8042-A1F7D02796C5}.Release|Any CPU.ActiveCfg = Release|Any CPU
		{93CB3787-7DE2-4FBE-8042-A1F7D02796C5}.Release|Any CPU.Build.0 = Release|Any CPU
		{92F34831-29F6-4B7D-A969-F1A9455ABACC}.Debug|Any CPU.ActiveCfg = Debug|Any CPU
		{92F34831-29F6-4B7D-A969-F1A9455ABACC}.Debug|Any CPU.Build.0 = Debug|Any CPU
		{92F34831-29F6-4B7D-A969-F1A9455ABACC}.Release|Any CPU.ActiveCfg = Release|Any CPU
		{92F34831-29F6-4B7D-A969-F1A9455ABACC}.Release|Any CPU.Build.0 = Release|Any CPU
		{4AE55792-1197-4180-8B05-F46762C2F372}.Debug|Any CPU.ActiveCfg = Debug|Any CPU
		{4AE55792-1197-4180-8B05-F46762C2F372}.Debug|Any CPU.Build.0 = Debug|Any CPU
		{4AE55792-1197-4180-8B05-F46762C2F372}.Release|Any CPU.ActiveCfg = Release|Any CPU
		{4AE55792-1197-4180-8B05-F46762C2F372}.Release|Any CPU.Build.0 = Release|Any CPU
		{146C43DB-5C23-44B1-B8EB-6F1FA16F9DF6}.Debug|Any CPU.ActiveCfg = Debug|Any CPU
		{146C43DB-5C23-44B1-B8EB-6F1FA16F9DF6}.Debug|Any CPU.Build.0 = Debug|Any CPU
		{146C43DB-5C23-44B1-B8EB-6F1FA16F9DF6}.Release|Any CPU.ActiveCfg = Release|Any CPU
		{146C43DB-5C23-44B1-B8EB-6F1FA16F9DF6}.Release|Any CPU.Build.0 = Release|Any CPU
		{DFF22D35-BE0A-41F7-B9D0-1167453B1D8B}.Debug|Any CPU.ActiveCfg = Debug|Any CPU
		{DFF22D35-BE0A-41F7-B9D0-1167453B1D8B}.Debug|Any CPU.Build.0 = Debug|Any CPU
		{DFF22D35-BE0A-41F7-B9D0-1167453B1D8B}.Release|Any CPU.ActiveCfg = Release|Any CPU
		{DFF22D35-BE0A-41F7-B9D0-1167453B1D8B}.Release|Any CPU.Build.0 = Release|Any CPU
		{46424626-2573-4BDA-81F4-7597F6150F88}.Debug|Any CPU.ActiveCfg = Debug|Any CPU
		{46424626-2573-4BDA-81F4-7597F6150F88}.Debug|Any CPU.Build.0 = Debug|Any CPU
		{46424626-2573-4BDA-81F4-7597F6150F88}.Release|Any CPU.ActiveCfg = Release|Any CPU
		{46424626-2573-4BDA-81F4-7597F6150F88}.Release|Any CPU.Build.0 = Release|Any CPU
		{57FB4AD7-2955-4CBE-9FF9-CA4F85C5F0CE}.Debug|Any CPU.ActiveCfg = Debug|Any CPU
		{57FB4AD7-2955-4CBE-9FF9-CA4F85C5F0CE}.Debug|Any CPU.Build.0 = Debug|Any CPU
		{57FB4AD7-2955-4CBE-9FF9-CA4F85C5F0CE}.Release|Any CPU.ActiveCfg = Release|Any CPU
		{57FB4AD7-2955-4CBE-9FF9-CA4F85C5F0CE}.Release|Any CPU.Build.0 = Release|Any CPU
	EndGlobalSection
EndGlobal
